// !$*UTF8*$!
{
	archiveVersion = 1;
	classes = {
	};
	objectVersion = 77;
	objects = {

/* Begin PBXContainerItemProxy section */
		B13F74262E6D78380063B89A /* PBXContainerItemProxy */ = {
			isa = PBXContainerItemProxy;
			containerPortal = B13F74102E6D78360063B89A /* Project object */;
			proxyType = 1;
			remoteGlobalIDString = B13F74172E6D78360063B89A;
			remoteInfo = "GPT-me-prototype";
		};
		B13F74302E6D78380063B89A /* PBXContainerItemProxy */ = {
			isa = PBXContainerItemProxy;
			containerPortal = B13F74102E6D78360063B89A /* Project object */;
			proxyType = 1;
			remoteGlobalIDString = B13F74172E6D78360063B89A;
			remoteInfo = "GPT-me-prototype";
		};
/* End PBXContainerItemProxy section */

/* Begin PBXFileReference section */
		B13F74182E6D78360063B89A /* GPT-me-prototype.app */ = {isa = PBXFileReference; explicitFileType = wrapper.application; includeInIndex = 0; path = "GPT-me-prototype.app"; sourceTree = BUILT_PRODUCTS_DIR; };
		B13F74252E6D78380063B89A /* GPT-me-prototypeTests.xctest */ = {isa = PBXFileReference; explicitFileType = wrapper.cfbundle; includeInIndex = 0; path = "GPT-me-prototypeTests.xctest"; sourceTree = BUILT_PRODUCTS_DIR; };
		B13F742F2E6D78380063B89A /* GPT-me-prototypeUITests.xctest */ = {isa = PBXFileReference; explicitFileType = wrapper.cfbundle; includeInIndex = 0; path = "GPT-me-prototypeUITests.xctest"; sourceTree = BUILT_PRODUCTS_DIR; };
/* End PBXFileReference section */

/* Begin PBXFileSystemSynchronizedRootGroup section */
		B13F741A2E6D78360063B89A /* GPT-me-prototype */ = {
			isa = PBXFileSystemSynchronizedRootGroup;
			path = "GPT-me-prototype";
			sourceTree = "<group>";
		};
		B13F74282E6D78380063B89A /* GPT-me-prototypeTests */ = {
			isa = PBXFileSystemSynchronizedRootGroup;
			path = "GPT-me-prototypeTests";
			sourceTree = "<group>";
		};
		B13F74322E6D78380063B89A /* GPT-me-prototypeUITests */ = {
			isa = PBXFileSystemSynchronizedRootGroup;
			path = "GPT-me-prototypeUITests";
			sourceTree = "<group>";
		};
/* End PBXFileSystemSynchronizedRootGroup section */

/* Begin PBXFrameworksBuildPhase section */
		B13F74152E6D78360063B89A /* Frameworks */ = {
			isa = PBXFrameworksBuildPhase;
			buildActionMask = 2147483647;
			files = (
			);
			runOnlyForDeploymentPostprocessing = 0;
		};
		B13F74222E6D78380063B89A /* Frameworks */ = {
			isa = PBXFrameworksBuildPhase;
			buildActionMask = 2147483647;
			files = (
			);
			runOnlyForDeploymentPostprocessing = 0;
		};
		B13F742C2E6D78380063B89A /* Frameworks */ = {
			isa = PBXFrameworksBuildPhase;
			buildActionMask = 2147483647;
			files = (
			);
			runOnlyForDeploymentPostprocessing = 0;
		};
/* End PBXFrameworksBuildPhase section */

/* Begin PBXGroup section */
		B13F740F2E6D78360063B89A = {
			isa = PBXGroup;
			children = (
				B13F741A2E6D78360063B89A /* GPT-me-prototype */,
				B13F74282E6D78380063B89A /* GPT-me-prototypeTests */,
				B13F74322E6D78380063B89A /* GPT-me-prototypeUITests */,
				B13F74192E6D78360063B89A /* Products */,
			);
			sourceTree = "<group>";
		};
		B13F74192E6D78360063B89A /* Products */ = {
			isa = PBXGroup;
			children = (
				B13F74182E6D78360063B89A /* GPT-me-prototype.app */,
				B13F74252E6D78380063B89A /* GPT-me-prototypeTests.xctest */,
				B13F742F2E6D78380063B89A /* GPT-me-prototypeUITests.xctest */,
			);
			name = Products;
			sourceTree = "<group>";
		};
/* End PBXGroup section */

/* Begin PBXNativeTarget section */
		B13F74172E6D78360063B89A /* GPT-me-prototype */ = {
			isa = PBXNativeTarget;
			buildConfigurationList = B13F74392E6D78380063B89A /* Build configuration list for PBXNativeTarget "GPT-me-prototype" */;
			buildPhases = (
				B13F74142E6D78360063B89A /* Sources */,
				B13F74152E6D78360063B89A /* Frameworks */,
				B13F74162E6D78360063B89A /* Resources */,
			);
			buildRules = (
			);
			dependencies = (
			);
			fileSystemSynchronizedGroups = (
				B13F741A2E6D78360063B89A /* GPT-me-prototype */,
			);
			name = "GPT-me-prototype";
			packageProductDependencies = (
			);
			productName = "GPT-me-prototype";
			productReference = B13F74182E6D78360063B89A /* GPT-me-prototype.app */;
			productType = "com.apple.product-type.application";
		};
		B13F74242E6D78380063B89A /* GPT-me-prototypeTests */ = {
			isa = PBXNativeTarget;
			buildConfigurationList = B13F743C2E6D78380063B89A /* Build configuration list for PBXNativeTarget "GPT-me-prototypeTests" */;
			buildPhases = (
				B13F74212E6D78380063B89A /* Sources */,
				B13F74222E6D78380063B89A /* Frameworks */,
				B13F74232E6D78380063B89A /* Resources */,
			);
			buildRules = (
			);
			dependencies = (
				B13F74272E6D78380063B89A /* PBXTargetDependency */,
			);
			fileSystemSynchronizedGroups = (
				B13F74282E6D78380063B89A /* GPT-me-prototypeTests */,
			);
			name = "GPT-me-prototypeTests";
			packageProductDependencies = (
			);
			productName = "GPT-me-prototypeTests";
			productReference = B13F74252E6D78380063B89A /* GPT-me-prototypeTests.xctest */;
			productType = "com.apple.product-type.bundle.unit-test";
		};
		B13F742E2E6D78380063B89A /* GPT-me-prototypeUITests */ = {
			isa = PBXNativeTarget;
			buildConfigurationList = B13F743F2E6D78380063B89A /* Build configuration list for PBXNativeTarget "GPT-me-prototypeUITests" */;
			buildPhases = (
				B13F742B2E6D78380063B89A /* Sources */,
				B13F742C2E6D78380063B89A /* Frameworks */,
				B13F742D2E6D78380063B89A /* Resources */,
			);
			buildRules = (
			);
			dependencies = (
				B13F74312E6D78380063B89A /* PBXTargetDependency */,
			);
			fileSystemSynchronizedGroups = (
				B13F74322E6D78380063B89A /* GPT-me-prototypeUITests */,
			);
			name = "GPT-me-prototypeUITests";
			packageProductDependencies = (
			);
			productName = "GPT-me-prototypeUITests";
			productReference = B13F742F2E6D78380063B89A /* GPT-me-prototypeUITests.xctest */;
			productType = "com.apple.product-type.bundle.ui-testing";
		};
/* End PBXNativeTarget section */

/* Begin PBXProject section */
		B13F74102E6D78360063B89A /* Project object */ = {
			isa = PBXProject;
			attributes = {
				BuildIndependentTargetsInParallel = 1;
				LastSwiftUpdateCheck = 2600;
				LastUpgradeCheck = 2600;
				TargetAttributes = {
					B13F74172E6D78360063B89A = {
						CreatedOnToolsVersion = 26.0;
					};
					B13F74242E6D78380063B89A = {
						CreatedOnToolsVersion = 26.0;
						TestTargetID = B13F74172E6D78360063B89A;
					};
					B13F742E2E6D78380063B89A = {
						CreatedOnToolsVersion = 26.0;
						TestTargetID = B13F74172E6D78360063B89A;
					};
				};
			};
			buildConfigurationList = B13F74132E6D78360063B89A /* Build configuration list for PBXProject "GPT-me-prototype" */;
			developmentRegion = en;
			hasScannedForEncodings = 0;
			knownRegions = (
				en,
				Base,
			);
			mainGroup = B13F740F2E6D78360063B89A;
			minimizedProjectReferenceProxies = 1;
			preferredProjectObjectVersion = 77;
			productRefGroup = B13F74192E6D78360063B89A /* Products */;
			projectDirPath = "";
			projectRoot = "";
			targets = (
				B13F74172E6D78360063B89A /* GPT-me-prototype */,
				B13F74242E6D78380063B89A /* GPT-me-prototypeTests */,
				B13F742E2E6D78380063B89A /* GPT-me-prototypeUITests */,
			);
		};
/* End PBXProject section */

/* Begin PBXResourcesBuildPhase section */
		B13F74162E6D78360063B89A /* Resources */ = {
			isa = PBXResourcesBuildPhase;
			buildActionMask = 2147483647;
			files = (
			);
			runOnlyForDeploymentPostprocessing = 0;
		};
		B13F74232E6D78380063B89A /* Resources */ = {
			isa = PBXResourcesBuildPhase;
			buildActionMask = 2147483647;
			files = (
			);
			runOnlyForDeploymentPostprocessing = 0;
		};
		B13F742D2E6D78380063B89A /* Resources */ = {
			isa = PBXResourcesBuildPhase;
			buildActionMask = 2147483647;
			files = (
			);
			runOnlyForDeploymentPostprocessing = 0;
		};
/* End PBXResourcesBuildPhase section */

/* Begin PBXSourcesBuildPhase section */
		B13F74142E6D78360063B89A /* Sources */ = {
			isa = PBXSourcesBuildPhase;
			buildActionMask = 2147483647;
			files = (
			);
			runOnlyForDeploymentPostprocessing = 0;
		};
		B13F74212E6D78380063B89A /* Sources */ = {
			isa = PBXSourcesBuildPhase;
			buildActionMask = 2147483647;
			files = (
			);
			runOnlyForDeploymentPostprocessing = 0;
		};
		B13F742B2E6D78380063B89A /* Sources */ = {
			isa = PBXSourcesBuildPhase;
			buildActionMask = 2147483647;
			files = (
			);
			runOnlyForDeploymentPostprocessing = 0;
		};
/* End PBXSourcesBuildPhase section */

/* Begin PBXTargetDependency section */
		B13F74272E6D78380063B89A /* PBXTargetDependency */ = {
			isa = PBXTargetDependency;
			target = B13F74172E6D78360063B89A /* GPT-me-prototype */;
			targetProxy = B13F74262E6D78380063B89A /* PBXContainerItemProxy */;
		};
		B13F74312E6D78380063B89A /* PBXTargetDependency */ = {
			isa = PBXTargetDependency;
			target = B13F74172E6D78360063B89A /* GPT-me-prototype */;
			targetProxy = B13F74302E6D78380063B89A /* PBXContainerItemProxy */;
		};
/* End PBXTargetDependency section */

/* Begin XCBuildConfiguration section */
		B13F74372E6D78380063B89A /* Debug */ = {
			isa = XCBuildConfiguration;
			buildSettings = {
				ALWAYS_SEARCH_USER_PATHS = NO;
				ASSETCATALOG_COMPILER_GENERATE_SWIFT_ASSET_SYMBOL_EXTENSIONS = YES;
				CLANG_ANALYZER_NONNULL = YES;
				CLANG_ANALYZER_NUMBER_OBJECT_CONVERSION = YES_AGGRESSIVE;
				CLANG_CXX_LANGUAGE_STANDARD = "gnu++20";
				CLANG_ENABLE_MODULES = YES;
				CLANG_ENABLE_OBJC_ARC = YES;
				CLANG_ENABLE_OBJC_WEAK = YES;
				CLANG_WARN_BLOCK_CAPTURE_AUTORELEASING = YES;
				CLANG_WARN_BOOL_CONVERSION = YES;
				CLANG_WARN_COMMA = YES;
				CLANG_WARN_CONSTANT_CONVERSION = YES;
				CLANG_WARN_DEPRECATED_OBJC_IMPLEMENTATIONS = YES;
				CLANG_WARN_DIRECT_OBJC_ISA_USAGE = YES_ERROR;
				CLANG_WARN_DOCUMENTATION_COMMENTS = YES;
				CLANG_WARN_EMPTY_BODY = YES;
				CLANG_WARN_ENUM_CONVERSION = YES;
				CLANG_WARN_INFINITE_RECURSION = YES;
				CLANG_WARN_INT_CONVERSION = YES;
				CLANG_WARN_NON_LITERAL_NULL_CONVERSION = YES;
				CLANG_WARN_OBJC_IMPLICIT_RETAIN_SELF = YES;
				CLANG_WARN_OBJC_LITERAL_CONVERSION = YES;
				CLANG_WARN_OBJC_ROOT_CLASS = YES_ERROR;
				CLANG_WARN_QUOTED_INCLUDE_IN_FRAMEWORK_HEADER = YES;
				CLANG_WARN_RANGE_LOOP_ANALYSIS = YES;
				CLANG_WARN_STRICT_PROTOTYPES = YES;
				CLANG_WARN_SUSPICIOUS_MOVE = YES;
				CLANG_WARN_UNGUARDED_AVAILABILITY = YES_AGGRESSIVE;
				CLANG_WARN_UNREACHABLE_CODE = YES;
				CLANG_WARN__DUPLICATE_METHOD_MATCH = YES;
				COPY_PHASE_STRIP = NO;
				DEBUG_INFORMATION_FORMAT = dwarf;
				DEVELOPMENT_TEAM = 5G7L6FK6W7;
				ENABLE_STRICT_OBJC_MSGSEND = YES;
				ENABLE_TESTABILITY = YES;
				ENABLE_USER_SCRIPT_SANDBOXING = YES;
				GCC_C_LANGUAGE_STANDARD = gnu17;
				GCC_DYNAMIC_NO_PIC = NO;
				GCC_NO_COMMON_BLOCKS = YES;
				GCC_OPTIMIZATION_LEVEL = 0;
				GCC_PREPROCESSOR_DEFINITIONS = (
					"DEBUG=1",
					"$(inherited)",
				);
				GCC_WARN_64_TO_32_BIT_CONVERSION = YES;
				GCC_WARN_ABOUT_RETURN_TYPE = YES_ERROR;
				GCC_WARN_UNDECLARED_SELECTOR = YES;
				GCC_WARN_UNINITIALIZED_AUTOS = YES_AGGRESSIVE;
				GCC_WARN_UNUSED_FUNCTION = YES;
				GCC_WARN_UNUSED_VARIABLE = YES;
				LOCALIZATION_PREFERS_STRING_CATALOGS = YES;
				MACOSX_DEPLOYMENT_TARGET = 26.0;
				MTL_ENABLE_DEBUG_INFO = INCLUDE_SOURCE;
				MTL_FAST_MATH = YES;
				ONLY_ACTIVE_ARCH = YES;
				SDKROOT = macosx;
				SWIFT_ACTIVE_COMPILATION_CONDITIONS = "DEBUG $(inherited)";
				SWIFT_OPTIMIZATION_LEVEL = "-Onone";
			};
			name = Debug;
		};
		B13F74382E6D78380063B89A /* Release */ = {
			isa = XCBuildConfiguration;
			buildSettings = {
				ALWAYS_SEARCH_USER_PATHS = NO;
				ASSETCATALOG_COMPILER_GENERATE_SWIFT_ASSET_SYMBOL_EXTENSIONS = YES;
				CLANG_ANALYZER_NONNULL = YES;
				CLANG_ANALYZER_NUMBER_OBJECT_CONVERSION = YES_AGGRESSIVE;
				CLANG_CXX_LANGUAGE_STANDARD = "gnu++20";
				CLANG_ENABLE_MODULES = YES;
				CLANG_ENABLE_OBJC_ARC = YES;
				CLANG_ENABLE_OBJC_WEAK = YES;
				CLANG_WARN_BLOCK_CAPTURE_AUTORELEASING = YES;
				CLANG_WARN_BOOL_CONVERSION = YES;
				CLANG_WARN_COMMA = YES;
				CLANG_WARN_CONSTANT_CONVERSION = YES;
				CLANG_WARN_DEPRECATED_OBJC_IMPLEMENTATIONS = YES;
				CLANG_WARN_DIRECT_OBJC_ISA_USAGE = YES_ERROR;
				CLANG_WARN_DOCUMENTATION_COMMENTS = YES;
				CLANG_WARN_EMPTY_BODY = YES;
				CLANG_WARN_ENUM_CONVERSION = YES;
				CLANG_WARN_INFINITE_RECURSION = YES;
				CLANG_WARN_INT_CONVERSION = YES;
				CLANG_WARN_NON_LITERAL_NULL_CONVERSION = YES;
				CLANG_WARN_OBJC_IMPLICIT_RETAIN_SELF = YES;
				CLANG_WARN_OBJC_LITERAL_CONVERSION = YES;
				CLANG_WARN_OBJC_ROOT_CLASS = YES_ERROR;
				CLANG_WARN_QUOTED_INCLUDE_IN_FRAMEWORK_HEADER = YES;
				CLANG_WARN_RANGE_LOOP_ANALYSIS = YES;
				CLANG_WARN_STRICT_PROTOTYPES = YES;
				CLANG_WARN_SUSPICIOUS_MOVE = YES;
				CLANG_WARN_UNGUARDED_AVAILABILITY = YES_AGGRESSIVE;
				CLANG_WARN_UNREACHABLE_CODE = YES;
				CLANG_WARN__DUPLICATE_METHOD_MATCH = YES;
				COPY_PHASE_STRIP = NO;
				DEBUG_INFORMATION_FORMAT = "dwarf-with-dsym";
				DEVELOPMENT_TEAM = 5G7L6FK6W7;
				ENABLE_NS_ASSERTIONS = NO;
				ENABLE_STRICT_OBJC_MSGSEND = YES;
				ENABLE_USER_SCRIPT_SANDBOXING = YES;
				GCC_C_LANGUAGE_STANDARD = gnu17;
				GCC_NO_COMMON_BLOCKS = YES;
				GCC_WARN_64_TO_32_BIT_CONVERSION = YES;
				GCC_WARN_ABOUT_RETURN_TYPE = YES_ERROR;
				GCC_WARN_UNDECLARED_SELECTOR = YES;
				GCC_WARN_UNINITIALIZED_AUTOS = YES_AGGRESSIVE;
				GCC_WARN_UNUSED_FUNCTION = YES;
				GCC_WARN_UNUSED_VARIABLE = YES;
				LOCALIZATION_PREFERS_STRING_CATALOGS = YES;
				MACOSX_DEPLOYMENT_TARGET = 26.0;
				MTL_ENABLE_DEBUG_INFO = NO;
				MTL_FAST_MATH = YES;
				SDKROOT = macosx;
				SWIFT_COMPILATION_MODE = wholemodule;
			};
			name = Release;
		};
		B13F743A2E6D78380063B89A /* Debug */ = {
			isa = XCBuildConfiguration;
			buildSettings = {
				ARCHS = "$(ARCHS_STANDARD)";
				ASSETCATALOG_COMPILER_APPICON_NAME = AppIcon;
				ASSETCATALOG_COMPILER_GLOBAL_ACCENT_COLOR_NAME = AccentColor;
				CODE_SIGN_STYLE = Automatic;
				COMBINE_HIDPI_IMAGES = YES;
				CURRENT_PROJECT_VERSION = 1;
				DEVELOPMENT_TEAM = 5G7L6FK6W7;
				ENABLE_APP_SANDBOX = YES;
				ENABLE_HARDENED_RUNTIME = YES;
				ENABLE_PREVIEWS = YES;
				ENABLE_USER_SELECTED_FILES = readonly;
				EXCLUDED_ARCHS = x86_64;
				GENERATE_INFOPLIST_FILE = YES;
				INFOPLIST_KEY_NSHumanReadableCopyright = "";
				LD_RUNPATH_SEARCH_PATHS = (
					"$(inherited)",
					"@executable_path/../Frameworks",
				);
				MARKETING_VERSION = 1.0;
				PRODUCT_BUNDLE_IDENTIFIER = "com.wss.GPT-me-prototype";
				PRODUCT_NAME = "$(TARGET_NAME)";
				REGISTER_APP_GROUPS = YES;
				STRING_CATALOG_GENERATE_SYMBOLS = YES;
				SWIFT_APPROACHABLE_CONCURRENCY = YES;
				SWIFT_DEFAULT_ACTOR_ISOLATION = MainActor;
				SWIFT_EMIT_LOC_STRINGS = YES;
				SWIFT_UPCOMING_FEATURE_MEMBER_IMPORT_VISIBILITY = YES;
				SWIFT_VERSION = 5.0;
			};
			name = Debug;
		};
		B13F743B2E6D78380063B89A /* Release */ = {
			isa = XCBuildConfiguration;
			buildSettings = {
				ARCHS = "$(ARCHS_STANDARD)";
				ASSETCATALOG_COMPILER_APPICON_NAME = AppIcon;
				ASSETCATALOG_COMPILER_GLOBAL_ACCENT_COLOR_NAME = AccentColor;
				CODE_SIGN_STYLE = Automatic;
				COMBINE_HIDPI_IMAGES = YES;
				CURRENT_PROJECT_VERSION = 1;
				DEVELOPMENT_TEAM = 5G7L6FK6W7;
				ENABLE_APP_SANDBOX = YES;
				ENABLE_HARDENED_RUNTIME = YES;
				ENABLE_PREVIEWS = YES;
				ENABLE_USER_SELECTED_FILES = readonly;
				EXCLUDED_ARCHS = x86_64;
				GENERATE_INFOPLIST_FILE = YES;
				INFOPLIST_KEY_NSHumanReadableCopyright = "";
				LD_RUNPATH_SEARCH_PATHS = (
					"$(inherited)",
					"@executable_path/../Frameworks",
				);
				MARKETING_VERSION = 1.0;
				PRODUCT_BUNDLE_IDENTIFIER = "com.wss.GPT-me-prototype";
				PRODUCT_NAME = "$(TARGET_NAME)";
				REGISTER_APP_GROUPS = YES;
				STRING_CATALOG_GENERATE_SYMBOLS = YES;
				SWIFT_APPROACHABLE_CONCURRENCY = YES;
				SWIFT_DEFAULT_ACTOR_ISOLATION = MainActor;
				SWIFT_EMIT_LOC_STRINGS = YES;
				SWIFT_UPCOMING_FEATURE_MEMBER_IMPORT_VISIBILITY = YES;
				SWIFT_VERSION = 5.0;
			};
			name = Release;
		};
		B13F743D2E6D78380063B89A /* Debug */ = {
			isa = XCBuildConfiguration;
			buildSettings = {
				BUNDLE_LOADER = "$(TEST_HOST)";
				CODE_SIGN_STYLE = Automatic;
				CURRENT_PROJECT_VERSION = 1;
				DEVELOPMENT_TEAM = 5G7L6FK6W7;
				GENERATE_INFOPLIST_FILE = YES;
				MACOSX_DEPLOYMENT_TARGET = 26.0;
				MARKETING_VERSION = 1.0;
				PRODUCT_BUNDLE_IDENTIFIER = "com.wss.GPT-me-prototypeTests";
				PRODUCT_NAME = "$(TARGET_NAME)";
				STRING_CATALOG_GENERATE_SYMBOLS = NO;
				SWIFT_APPROACHABLE_CONCURRENCY = YES;
				SWIFT_EMIT_LOC_STRINGS = NO;
				SWIFT_UPCOMING_FEATURE_MEMBER_IMPORT_VISIBILITY = YES;
				SWIFT_VERSION = 5.0;
				TEST_HOST = "$(BUILT_PRODUCTS_DIR)/GPT-me-prototype.app/$(BUNDLE_EXECUTABLE_FOLDER_PATH)/GPT-me-prototype";
			};
			name = Debug;
		};
		B13F743E2E6D78380063B89A /* Release */ = {
			isa = XCBuildConfiguration;
			buildSettings = {
				BUNDLE_LOADER = "$(TEST_HOST)";
				CODE_SIGN_STYLE = Automatic;
				CURRENT_PROJECT_VERSION = 1;
				DEVELOPMENT_TEAM = 5G7L6FK6W7;
				GENERATE_INFOPLIST_FILE = YES;
				MACOSX_DEPLOYMENT_TARGET = 26.0;
				MARKETING_VERSION = 1.0;
				PRODUCT_BUNDLE_IDENTIFIER = "com.wss.GPT-me-prototypeTests";
				PRODUCT_NAME = "$(TARGET_NAME)";
				STRING_CATALOG_GENERATE_SYMBOLS = NO;
				SWIFT_APPROACHABLE_CONCURRENCY = YES;
				SWIFT_EMIT_LOC_STRINGS = NO;
				SWIFT_UPCOMING_FEATURE_MEMBER_IMPORT_VISIBILITY = YES;
				SWIFT_VERSION = 5.0;
				TEST_HOST = "$(BUILT_PRODUCTS_DIR)/GPT-me-prototype.app/$(BUNDLE_EXECUTABLE_FOLDER_PATH)/GPT-me-prototype";
			};
			name = Release;
		};
		B13F74402E6D78380063B89A /* Debug */ = {
			isa = XCBuildConfiguration;
			buildSettings = {
				CODE_SIGN_STYLE = Automatic;
				CURRENT_PROJECT_VERSION = 1;
				DEVELOPMENT_TEAM = 5G7L6FK6W7;
				GENERATE_INFOPLIST_FILE = YES;
				MARKETING_VERSION = 1.0;
				PRODUCT_BUNDLE_IDENTIFIER = "com.wss.GPT-me-prototypeUITests";
				PRODUCT_NAME = "$(TARGET_NAME)";
				STRING_CATALOG_GENERATE_SYMBOLS = NO;
				SWIFT_APPROACHABLE_CONCURRENCY = YES;
				SWIFT_EMIT_LOC_STRINGS = NO;
				SWIFT_UPCOMING_FEATURE_MEMBER_IMPORT_VISIBILITY = YES;
				SWIFT_VERSION = 5.0;
				TEST_TARGET_NAME = "GPT-me-prototype";
			};
			name = Debug;
		};
		B13F74412E6D78380063B89A /* Release */ = {
			isa = XCBuildConfiguration;
			buildSettings = {
				CODE_SIGN_STYLE = Automatic;
				CURRENT_PROJECT_VERSION = 1;
				DEVELOPMENT_TEAM = 5G7L6FK6W7;
				GENERATE_INFOPLIST_FILE = YES;
				MARKETING_VERSION = 1.0;
				PRODUCT_BUNDLE_IDENTIFIER = "com.wss.GPT-me-prototypeUITests";
				PRODUCT_NAME = "$(TARGET_NAME)";
				STRING_CATALOG_GENERATE_SYMBOLS = NO;
				SWIFT_APPROACHABLE_CONCURRENCY = YES;
				SWIFT_EMIT_LOC_STRINGS = NO;
				SWIFT_UPCOMING_FEATURE_MEMBER_IMPORT_VISIBILITY = YES;
				SWIFT_VERSION = 5.0;
				TEST_TARGET_NAME = "GPT-me-prototype";
			};
			name = Release;
		};
/* End XCBuildConfiguration section */

/* Begin XCConfigurationList section */
		B13F74132E6D78360063B89A /* Build configuration list for PBXProject "GPT-me-prototype" */ = {
			isa = XCConfigurationList;
			buildConfigurations = (
				B13F74372E6D78380063B89A /* Debug */,
				B13F74382E6D78380063B89A /* Release */,
			);
			defaultConfigurationIsVisible = 0;
			defaultConfigurationName = Release;
		};
		B13F74392E6D78380063B89A /* Build configuration list for PBXNativeTarget "GPT-me-prototype" */ = {
			isa = XCConfigurationList;
			buildConfigurations = (
				B13F743A2E6D78380063B89A /* Debug */,
				B13F743B2E6D78380063B89A /* Release */,
			);
			defaultConfigurationIsVisible = 0;
			defaultConfigurationName = Release;
		};
		B13F743C2E6D78380063B89A /* Build configuration list for PBXNativeTarget "GPT-me-prototypeTests" */ = {
			isa = XCConfigurationList;
			buildConfigurations = (
				B13F743D2E6D78380063B89A /* Debug */,
				B13F743E2E6D78380063B89A /* Release */,
			);
			defaultConfigurationIsVisible = 0;
			defaultConfigurationName = Release;
		};
		B13F743F2E6D78380063B89A /* Build configuration list for PBXNativeTarget "GPT-me-prototypeUITests" */ = {
			isa = XCConfigurationList;
			buildConfigurations = (
				B13F74402E6D78380063B89A /* Debug */,
				B13F74412E6D78380063B89A /* Release */,
			);
			defaultConfigurationIsVisible = 0;
			defaultConfigurationName = Release;
		};
/* End XCConfigurationList section */
	};
	rootObject = B13F74102E6D78360063B89A /* Project object */;
}
